
Microsoft Visual Studio Solution File, Format Version 12.00
# Visual Studio Version 17
VisualStudioVersion = 17.11.35219.272
MinimumVisualStudioVersion = 10.0.40219.1
Project("{FAE04EC0-301F-11D3-BF4B-00C04F79EFBC}") = "Inlamnings uppgift 3", "Inlamnings uppgift 3\Inlamnings uppgift 3.csproj", "{6DD47AA7-7623-4F61-9A6E-E78F57913C9A}"
EndProject
Global
	GlobalSection(SolutionConfigurationPlatforms) = preSolution
		Debug|Any CPU = Debug|Any CPU
		Release|Any CPU = Release|Any CPU
	EndGlobalSection
	GlobalSection(ProjectConfigurationPlatforms) = postSolution
		{6DD47AA7-7623-4F61-9A6E-E78F57913C9A}.Debug|Any CPU.ActiveCfg = Debug|Any CPU
		{6DD47AA7-7623-4F61-9A6E-E78F57913C9A}.Debug|Any CPU.Build.0 = Debug|Any CPU
		{6DD47AA7-7623-4F61-9A6E-E78F57913C9A}.Release|Any CPU.ActiveCfg = Release|Any CPU
		{6DD47AA7-7623-4F61-9A6E-E78F57913C9A}.Release|Any CPU.Build.0 = Release|Any CPU
	EndGlobalSection
	GlobalSection(SolutionProperties) = preSolution
		HideSolutionNode = FALSE
	EndGlobalSection
	GlobalSection(ExtensibilityGlobals) = postSolution
		SolutionGuid = {8E22DC01-BB11-41E3-8F33-B2F75389302B}
	EndGlobalSection
EndGlobal
